
Microsoft Visual Studio Solution File, Format Version 12.00
# Visual Studio Version 16
VisualStudioVersion = 16.0.32802.440
MinimumVisualStudioVersion = 10.0.40219.1
Project("{9A19103F-16F7-4668-BE54-9A1E7A4F7556}") = "MartianRobots.Api", "MartianRobots\MartianRobots.Api.csproj", "{BEA80401-B323-4948-9165-CA110501CDED}"
EndProject
Project("{FAE04EC0-301F-11D3-BF4B-00C04F79EFBC}") = "MartianRobots.Application", "MartianRobots.Application\MartianRobots.Application.csproj", "{E88696EB-A4B6-413B-8C80-8FD2F20A19F8}"
EndProject
Project("{FAE04EC0-301F-11D3-BF4B-00C04F79EFBC}") = "MartianRobots.Domain", "MartianRobots.Domain\MartianRobots.Domain.csproj", "{57DA948B-70DF-4138-B5EB-5D4F39FBE122}"
EndProject
Project("{FAE04EC0-301F-11D3-BF4B-00C04F79EFBC}") = "MartianRobots.Infrastructure.Persistence", "MartianRobots.Infrastructure.Persistence\MartianRobots.Infrastructure.Persistence.csproj", "{BE9A5D0C-E738-404C-BB04-8F71F5DEDAFD}"
EndProject
Project("{FAE04EC0-301F-11D3-BF4B-00C04F79EFBC}") = "MartianRobots.UnitTests", "MartianRobots.UnitTests\MartianRobots.UnitTests.csproj", "{741D79AC-ED9C-42B2-B61A-E2EEAFE92ADE}"
EndProject
Project("{FAE04EC0-301F-11D3-BF4B-00C04F79EFBC}") = "MartianRobots.IntegrationTests", "MartianRobots.IntegrationTests\MartianRobots.IntegrationTests.csproj", "{E4EFCB3B-BDC9-4955-8B5B-754E4D0007A0}"
EndProject
Global
	GlobalSection(SolutionConfigurationPlatforms) = preSolution
		Debug|Any CPU = Debug|Any CPU
		Release|Any CPU = Release|Any CPU
	EndGlobalSection
	GlobalSection(ProjectConfigurationPlatforms) = postSolution
		{BEA80401-B323-4948-9165-CA110501CDED}.Debug|Any CPU.ActiveCfg = Debug|Any CPU
		{BEA80401-B323-4948-9165-CA110501CDED}.Debug|Any CPU.Build.0 = Debug|Any CPU
		{BEA80401-B323-4948-9165-CA110501CDED}.Release|Any CPU.ActiveCfg = Release|Any CPU
		{BEA80401-B323-4948-9165-CA110501CDED}.Release|Any CPU.Build.0 = Release|Any CPU
		{E88696EB-A4B6-413B-8C80-8FD2F20A19F8}.Debug|Any CPU.ActiveCfg = Debug|Any CPU
		{E88696EB-A4B6-413B-8C80-8FD2F20A19F8}.Debug|Any CPU.Build.0 = Debug|Any CPU
		{E88696EB-A4B6-413B-8C80-8FD2F20A19F8}.Release|Any CPU.ActiveCfg = Release|Any CPU
		{E88696EB-A4B6-413B-8C80-8FD2F20A19F8}.Release|Any CPU.Build.0 = Release|Any CPU
		{57DA948B-70DF-4138-B5EB-5D4F39FBE122}.Debug|Any CPU.ActiveCfg = Debug|Any CPU
		{57DA948B-70DF-4138-B5EB-5D4F39FBE122}.Debug|Any CPU.Build.0 = Debug|Any CPU
		{57DA948B-70DF-4138-B5EB-5D4F39FBE122}.Release|Any CPU.ActiveCfg = Release|Any CPU
		{57DA948B-70DF-4138-B5EB-5D4F39FBE122}.Release|Any CPU.Build.0 = Release|Any CPU
		{BE9A5D0C-E738-404C-BB04-8F71F5DEDAFD}.Debug|Any CPU.ActiveCfg = Debug|Any CPU
		{BE9A5D0C-E738-404C-BB04-8F71F5DEDAFD}.Debug|Any CPU.Build.0 = Debug|Any CPU
		{BE9A5D0C-E738-404C-BB04-8F71F5DEDAFD}.Release|Any CPU.ActiveCfg = Release|Any CPU
		{BE9A5D0C-E738-404C-BB04-8F71F5DEDAFD}.Release|Any CPU.Build.0 = Release|Any CPU
		{741D79AC-ED9C-42B2-B61A-E2EEAFE92ADE}.Debug|Any CPU.ActiveCfg = Debug|Any CPU
		{741D79AC-ED9C-42B2-B61A-E2EEAFE92ADE}.Debug|Any CPU.Build.0 = Debug|Any CPU
		{741D79AC-ED9C-42B2-B61A-E2EEAFE92ADE}.Release|Any CPU.ActiveCfg = Release|Any CPU
		{741D79AC-ED9C-42B2-B61A-E2EEAFE92ADE}.Release|Any CPU.Build.0 = Release|Any CPU
		{E4EFCB3B-BDC9-4955-8B5B-754E4D0007A0}.Debug|Any CPU.ActiveCfg = Debug|Any CPU
		{E4EFCB3B-BDC9-4955-8B5B-754E4D0007A0}.Debug|Any CPU.Build.0 = Debug|Any CPU
		{E4EFCB3B-BDC9-4955-8B5B-754E4D0007A0}.Release|Any CPU.ActiveCfg = Release|Any CPU
		{E4EFCB3B-BDC9-4955-8B5B-754E4D0007A0}.Release|Any CPU.Build.0 = Release|Any CPU
	EndGlobalSection
	GlobalSection(SolutionProperties) = preSolution
		HideSolutionNode = FALSE
	EndGlobalSection
	GlobalSection(ExtensibilityGlobals) = postSolution
		SolutionGuid = {F2749832-6959-4223-8D71-6F989B722E48}
	EndGlobalSection
EndGlobal
